
Microsoft Visual Studio Solution File, Format Version 12.00
# Visual Studio Version 17
VisualStudioVersion = 17.8.34511.84
MinimumVisualStudioVersion = 10.0.40219.1
Project("{FAE04EC0-301F-11D3-BF4B-00C04F79EFBC}") = "MazeGame", "MazeGame\MazeGame.csproj", "{116D3FB6-F043-4BF6-949C-2B049143436E}"
EndProject
Global
	GlobalSection(SolutionConfigurationPlatforms) = preSolution
		Debug|Any CPU = Debug|Any CPU
		Release|Any CPU = Release|Any CPU
	EndGlobalSection
	GlobalSection(ProjectConfigurationPlatforms) = postSolution
		{116D3FB6-F043-4BF6-949C-2B049143436E}.Debug|Any CPU.ActiveCfg = Debug|Any CPU
		{116D3FB6-F043-4BF6-949C-2B049143436E}.Debug|Any CPU.Build.0 = Debug|Any CPU
		{116D3FB6-F043-4BF6-949C-2B049143436E}.Release|Any CPU.ActiveCfg = Release|Any CPU
		{116D3FB6-F043-4BF6-949C-2B049143436E}.Release|Any CPU.Build.0 = Release|Any CPU
	EndGlobalSection
	GlobalSection(SolutionProperties) = preSolution
		HideSolutionNode = FALSE
	EndGlobalSection
	GlobalSection(ExtensibilityGlobals) = postSolution
		SolutionGuid = {8EC80DC6-0384-49DF-AB7F-8C7C54E36C80}
	EndGlobalSection
EndGlobal
